// !$*UTF8*$!
{
	archiveVersion = 1;
	classes = {
	};
	objectVersion = 48;
	objects = {

/* Begin PBXBuildFile section */
		E14D9086A16EEBD976FB0E92 /* ConfigModel.swift in Sources */ = {isa = PBXBuildFile; fileRef = E14D9FDED1D5DB11D4BAD3A6 /* ConfigModel.swift */; };
		E14D93C4AC47E5689115A169 /* RemoreServerStorageConfig.swift in Sources */ = {isa = PBXBuildFile; fileRef = E14D9159BD8F4628D4E6AC3E /* RemoreServerStorageConfig.swift */; };
		E14D949A7EBF778B36CE3139 /* config.json in Resources */ = {isa = PBXBuildFile; fileRef = E14D923E27ABFE8CD7968A15 /* config.json */; };
		E14D9702120D6C8075762500 /* ViewController.swift in Sources */ = {isa = PBXBuildFile; fileRef = E14D9EDA7FE23F86F44EA5F7 /* ViewController.swift */; };
		E14D98A9712E22DC358B868E /* Config.swift in Sources */ = {isa = PBXBuildFile; fileRef = E14D99D88F4B3AE521E7D040 /* Config.swift */; };
		E14D9A92CE186F953DCE4F9A /* Images.xcassets in Resources */ = {isa = PBXBuildFile; fileRef = E14D9F0B20185307F716232D /* Images.xcassets */; };
		E14D9B5B5D0A12393F3F5835 /* ConfigSourceProtocol.swift in Sources */ = {isa = PBXBuildFile; fileRef = E14D9835E0A40C4DF4674EF2 /* ConfigSourceProtocol.swift */; };
		E14D9C491C3FC97755C7525C /* AppDelegate.swift in Sources */ = {isa = PBXBuildFile; fileRef = E14D91960736619FA6D61947 /* AppDelegate.swift */; };
		E14D9D310259FC9E5CAFD09F /* StartController.swift in Sources */ = {isa = PBXBuildFile; fileRef = E14D959C3EA0557C620D421E /* StartController.swift */; };
		E14D9D673190EDEB83D64D89 /* FileStorageConfig.swift in Sources */ = {isa = PBXBuildFile; fileRef = E14D96C38A6A191A3629E0EB /* FileStorageConfig.swift */; };
/* End PBXBuildFile section */

/* Begin PBXFileReference section */
		644ECD701F9FDB1700B540D6 /* iOSXray.app */ = {isa = PBXFileReference; explicitFileType = wrapper.application; includeInIndex = 0; path = iOSXray.app; sourceTree = BUILT_PRODUCTS_DIR; };
		E14D9159BD8F4628D4E6AC3E /* RemoreServerStorageConfig.swift */ = {isa = PBXFileReference; fileEncoding = 4; lastKnownFileType = sourcecode.swift; path = RemoreServerStorageConfig.swift; sourceTree = "<group>"; };
		E14D91960736619FA6D61947 /* AppDelegate.swift */ = {isa = PBXFileReference; fileEncoding = 4; lastKnownFileType = sourcecode.swift; path = AppDelegate.swift; sourceTree = "<group>"; };
		E14D923E27ABFE8CD7968A15 /* config.json */ = {isa = PBXFileReference; fileEncoding = 4; lastKnownFileType = text.json; path = config.json; sourceTree = "<group>"; };
		E14D959C3EA0557C620D421E /* StartController.swift */ = {isa = PBXFileReference; fileEncoding = 4; lastKnownFileType = sourcecode.swift; path = StartController.swift; sourceTree = "<group>"; };
		E14D96C38A6A191A3629E0EB /* FileStorageConfig.swift */ = {isa = PBXFileReference; fileEncoding = 4; lastKnownFileType = sourcecode.swift; path = FileStorageConfig.swift; sourceTree = "<group>"; };
		E14D9835E0A40C4DF4674EF2 /* ConfigSourceProtocol.swift */ = {isa = PBXFileReference; fileEncoding = 4; lastKnownFileType = sourcecode.swift; path = ConfigSourceProtocol.swift; sourceTree = "<group>"; };
		E14D99D88F4B3AE521E7D040 /* Config.swift */ = {isa = PBXFileReference; fileEncoding = 4; lastKnownFileType = sourcecode.swift; path = Config.swift; sourceTree = "<group>"; };
		E14D9C52A552F0C7E1ED0101 /* Info.plist */ = {isa = PBXFileReference; fileEncoding = 4; lastKnownFileType = text.plist.info; path = Info.plist; sourceTree = "<group>"; };
		E14D9EDA7FE23F86F44EA5F7 /* ViewController.swift */ = {isa = PBXFileReference; fileEncoding = 4; lastKnownFileType = sourcecode.swift; path = ViewController.swift; sourceTree = "<group>"; };
		E14D9F0B20185307F716232D /* Images.xcassets */ = {isa = PBXFileReference; lastKnownFileType = folder.assetcatalog; path = Images.xcassets; sourceTree = "<group>"; };
		E14D9FDED1D5DB11D4BAD3A6 /* ConfigModel.swift */ = {isa = PBXFileReference; fileEncoding = 4; lastKnownFileType = sourcecode.swift; path = ConfigModel.swift; sourceTree = "<group>"; };
/* End PBXFileReference section */

/* Begin PBXFrameworksBuildPhase section */
		644ECD6D1F9FDB1700B540D6 /* Frameworks */ = {
			isa = PBXFrameworksBuildPhase;
			buildActionMask = 2147483647;
			files = (
			);
			runOnlyForDeploymentPostprocessing = 0;
		};
/* End PBXFrameworksBuildPhase section */

/* Begin PBXGroup section */
		644ECD671F9FDB1700B540D6 = {
			isa = PBXGroup;
			children = (
				644ECD711F9FDB1700B540D6 /* Products */,
				E14D9CB72C054C1CF582C674 /* iOSXray */,
			);
			sourceTree = "<group>";
		};
		644ECD711F9FDB1700B540D6 /* Products */ = {
			isa = PBXGroup;
			children = (
				644ECD701F9FDB1700B540D6 /* iOSXray.app */,
			);
			name = Products;
			sourceTree = "<group>";
		};
		E14D90A2338A9C5E2C32A76F /* ConfigSource */ = {
			isa = PBXGroup;
			children = (
				E14D9835E0A40C4DF4674EF2 /* ConfigSourceProtocol.swift */,
				E14D96C38A6A191A3629E0EB /* FileStorageConfig.swift */,
				E14D9159BD8F4628D4E6AC3E /* RemoreServerStorageConfig.swift */,
			);
			path = ConfigSource;
			sourceTree = "<group>";
		};
		E14D97EBF42333B352399A00 /* Models */ = {
			isa = PBXGroup;
			children = (
				E14D9FDED1D5DB11D4BAD3A6 /* ConfigModel.swift */,
			);
			path = Models;
			sourceTree = "<group>";
		};
		E14D9CB72C054C1CF582C674 /* iOSXray */ = {
			isa = PBXGroup;
			children = (
				E14D923E27ABFE8CD7968A15 /* config.json */,
				E14D91960736619FA6D61947 /* AppDelegate.swift */,
				E14D959C3EA0557C620D421E /* StartController.swift */,
				E14D9C52A552F0C7E1ED0101 /* Info.plist */,
				E14D9F0B20185307F716232D /* Images.xcassets */,
				E14D9EDA7FE23F86F44EA5F7 /* ViewController.swift */,
				E14D90A2338A9C5E2C32A76F /* ConfigSource */,
				E14D99D88F4B3AE521E7D040 /* Config.swift */,
				E14D97EBF42333B352399A00 /* Models */,
			);
			path = iOSXray;
			sourceTree = "<group>";
		};
/* End PBXGroup section */

/* Begin PBXNativeTarget section */
		644ECD6F1F9FDB1700B540D6 /* iOSXray */ = {
			isa = PBXNativeTarget;
			buildConfigurationList = 644ECD821F9FDB1700B540D6 /* Build configuration list for PBXNativeTarget "iOSXray" */;
			buildPhases = (
				644ECD6C1F9FDB1700B540D6 /* Sources */,
				644ECD6D1F9FDB1700B540D6 /* Frameworks */,
				644ECD6E1F9FDB1700B540D6 /* Resources */,
			);
			buildRules = (
			);
			dependencies = (
			);
			name = iOSXray;
			productName = iOSXray;
			productReference = 644ECD701F9FDB1700B540D6 /* iOSXray.app */;
			productType = "com.apple.product-type.application";
		};
/* End PBXNativeTarget section */

/* Begin PBXProject section */
		644ECD681F9FDB1700B540D6 /* Project object */ = {
			isa = PBXProject;
			attributes = {
				LastSwiftUpdateCheck = 0900;
				LastUpgradeCheck = 0900;
				ORGANIZATIONNAME = "Алексей Киш";
				TargetAttributes = {
					644ECD6F1F9FDB1700B540D6 = {
						CreatedOnToolsVersion = 9.0.1;
						ProvisioningStyle = Automatic;
					};
				};
			};
			buildConfigurationList = 644ECD6B1F9FDB1700B540D6 /* Build configuration list for PBXProject "iOSXray" */;
			compatibilityVersion = "Xcode 8.0";
			developmentRegion = en;
			hasScannedForEncodings = 0;
			knownRegions = (
				en,
				Base,
			);
			mainGroup = 644ECD671F9FDB1700B540D6;
			productRefGroup = 644ECD711F9FDB1700B540D6 /* Products */;
			projectDirPath = "";
			projectRoot = "";
			targets = (
				644ECD6F1F9FDB1700B540D6 /* iOSXray */,
			);
		};
/* End PBXProject section */

/* Begin PBXResourcesBuildPhase section */
		644ECD6E1F9FDB1700B540D6 /* Resources */ = {
			isa = PBXResourcesBuildPhase;
			buildActionMask = 2147483647;
			files = (
				E14D949A7EBF778B36CE3139 /* config.json in Resources */,
				E14D9A92CE186F953DCE4F9A /* Images.xcassets in Resources */,
			);
			runOnlyForDeploymentPostprocessing = 0;
		};
/* End PBXResourcesBuildPhase section */

/* Begin PBXSourcesBuildPhase section */
		644ECD6C1F9FDB1700B540D6 /* Sources */ = {
			isa = PBXSourcesBuildPhase;
			buildActionMask = 2147483647;
			files = (
				E14D9C491C3FC97755C7525C /* AppDelegate.swift in Sources */,
				E14D9D310259FC9E5CAFD09F /* StartController.swift in Sources */,
				E14D9702120D6C8075762500 /* ViewController.swift in Sources */,
				E14D9B5B5D0A12393F3F5835 /* ConfigSourceProtocol.swift in Sources */,
				E14D9D673190EDEB83D64D89 /* FileStorageConfig.swift in Sources */,
				E14D93C4AC47E5689115A169 /* RemoreServerStorageConfig.swift in Sources */,
				E14D98A9712E22DC358B868E /* Config.swift in Sources */,
				E14D9086A16EEBD976FB0E92 /* ConfigModel.swift in Sources */,
			);
			runOnlyForDeploymentPostprocessing = 0;
		};
/* End PBXSourcesBuildPhase section */

/* Begin XCBuildConfiguration section */
		644ECD801F9FDB1700B540D6 /* Debug */ = {
			isa = XCBuildConfiguration;
			buildSettings = {
				ALWAYS_SEARCH_USER_PATHS = NO;
				CLANG_ANALYZER_NONNULL = YES;
				CLANG_ANALYZER_NUMBER_OBJECT_CONVERSION = YES_AGGRESSIVE;
				CLANG_CXX_LANGUAGE_STANDARD = "gnu++14";
				CLANG_CXX_LIBRARY = "libc++";
				CLANG_ENABLE_MODULES = YES;
				CLANG_ENABLE_OBJC_ARC = YES;
				CLANG_WARN_BLOCK_CAPTURE_AUTORELEASING = YES;
				CLANG_WARN_BOOL_CONVERSION = YES;
				CLANG_WARN_COMMA = YES;
				CLANG_WARN_CONSTANT_CONVERSION = YES;
				CLANG_WARN_DIRECT_OBJC_ISA_USAGE = YES_ERROR;
				CLANG_WARN_DOCUMENTATION_COMMENTS = YES;
				CLANG_WARN_EMPTY_BODY = YES;
				CLANG_WARN_ENUM_CONVERSION = YES;
				CLANG_WARN_INFINITE_RECURSION = YES;
				CLANG_WARN_INT_CONVERSION = YES;
				CLANG_WARN_NON_LITERAL_NULL_CONVERSION = YES;
				CLANG_WARN_OBJC_LITERAL_CONVERSION = YES;
				CLANG_WARN_OBJC_ROOT_CLASS = YES_ERROR;
				CLANG_WARN_RANGE_LOOP_ANALYSIS = YES;
				CLANG_WARN_STRICT_PROTOTYPES = YES;
				CLANG_WARN_SUSPICIOUS_MOVE = YES;
				CLANG_WARN_UNGUARDED_AVAILABILITY = YES_AGGRESSIVE;
				CLANG_WARN_UNREACHABLE_CODE = YES;
				CLANG_WARN__DUPLICATE_METHOD_MATCH = YES;
				CODE_SIGN_IDENTITY = "iPhone Developer";
				COPY_PHASE_STRIP = NO;
				DEBUG_INFORMATION_FORMAT = dwarf;
				ENABLE_STRICT_OBJC_MSGSEND = YES;
				ENABLE_TESTABILITY = YES;
				GCC_C_LANGUAGE_STANDARD = gnu11;
				GCC_DYNAMIC_NO_PIC = NO;
				GCC_NO_COMMON_BLOCKS = YES;
				GCC_OPTIMIZATION_LEVEL = 0;
				GCC_PREPROCESSOR_DEFINITIONS = (
					"DEBUG=1",
					"$(inherited)",
				);
				GCC_WARN_64_TO_32_BIT_CONVERSION = YES;
				GCC_WARN_ABOUT_RETURN_TYPE = YES_ERROR;
				GCC_WARN_UNDECLARED_SELECTOR = YES;
				GCC_WARN_UNINITIALIZED_AUTOS = YES_AGGRESSIVE;
				GCC_WARN_UNUSED_FUNCTION = YES;
				GCC_WARN_UNUSED_VARIABLE = YES;
				IPHONEOS_DEPLOYMENT_TARGET = 11.0;
				MTL_ENABLE_DEBUG_INFO = YES;
				ONLY_ACTIVE_ARCH = YES;
				SDKROOT = iphoneos;
				SWIFT_ACTIVE_COMPILATION_CONDITIONS = DEBUG;
				SWIFT_OPTIMIZATION_LEVEL = "-Onone";
			};
			name = Debug;
		};
		644ECD811F9FDB1700B540D6 /* Release */ = {
			isa = XCBuildConfiguration;
			buildSettings = {
				ALWAYS_SEARCH_USER_PATHS = NO;
				CLANG_ANALYZER_NONNULL = YES;
				CLANG_ANALYZER_NUMBER_OBJECT_CONVERSION = YES_AGGRESSIVE;
				CLANG_CXX_LANGUAGE_STANDARD = "gnu++14";
				CLANG_CXX_LIBRARY = "libc++";
				CLANG_ENABLE_MODULES = YES;
				CLANG_ENABLE_OBJC_ARC = YES;
				CLANG_WARN_BLOCK_CAPTURE_AUTORELEASING = YES;
				CLANG_WARN_BOOL_CONVERSION = YES;
				CLANG_WARN_COMMA = YES;
				CLANG_WARN_CONSTANT_CONVERSION = YES;
				CLANG_WARN_DIRECT_OBJC_ISA_USAGE = YES_ERROR;
				CLANG_WARN_DOCUMENTATION_COMMENTS = YES;
				CLANG_WARN_EMPTY_BODY = YES;
				CLANG_WARN_ENUM_CONVERSION = YES;
				CLANG_WARN_INFINITE_RECURSION = YES;
				CLANG_WARN_INT_CONVERSION = YES;
				CLANG_WARN_NON_LITERAL_NULL_CONVERSION = YES;
				CLANG_WARN_OBJC_LITERAL_CONVERSION = YES;
				CLANG_WARN_OBJC_ROOT_CLASS = YES_ERROR;
				CLANG_WARN_RANGE_LOOP_ANALYSIS = YES;
				CLANG_WARN_STRICT_PROTOTYPES = YES;
				CLANG_WARN_SUSPICIOUS_MOVE = YES;
				CLANG_WARN_UNGUARDED_AVAILABILITY = YES_AGGRESSIVE;
				CLANG_WARN_UNREACHABLE_CODE = YES;
				CLANG_WARN__DUPLICATE_METHOD_MATCH = YES;
				CODE_SIGN_IDENTITY = "iPhone Developer";
				COPY_PHASE_STRIP = NO;
				DEBUG_INFORMATION_FORMAT = "dwarf-with-dsym";
				ENABLE_NS_ASSERTIONS = NO;
				ENABLE_STRICT_OBJC_MSGSEND = YES;
				GCC_C_LANGUAGE_STANDARD = gnu11;
				GCC_NO_COMMON_BLOCKS = YES;
				GCC_WARN_64_TO_32_BIT_CONVERSION = YES;
				GCC_WARN_ABOUT_RETURN_TYPE = YES_ERROR;
				GCC_WARN_UNDECLARED_SELECTOR = YES;
				GCC_WARN_UNINITIALIZED_AUTOS = YES_AGGRESSIVE;
				GCC_WARN_UNUSED_FUNCTION = YES;
				GCC_WARN_UNUSED_VARIABLE = YES;
				IPHONEOS_DEPLOYMENT_TARGET = 11.0;
				MTL_ENABLE_DEBUG_INFO = NO;
				SDKROOT = iphoneos;
				SWIFT_OPTIMIZATION_LEVEL = "-Owholemodule";
				VALIDATE_PRODUCT = YES;
			};
			name = Release;
		};
		644ECD831F9FDB1700B540D6 /* Debug */ = {
			isa = XCBuildConfiguration;
			buildSettings = {
				ASSETCATALOG_COMPILER_APPICON_NAME = AppIcon;
				"CODE_SIGN_IDENTITY[sdk=iphoneos*]" = "iPhone Developer";
				CODE_SIGN_STYLE = Automatic;
				DEVELOPMENT_TEAM = MCY395P66Z;
				INFOPLIST_FILE = iOSXray/Info.plist;
				IPHONEOS_DEPLOYMENT_TARGET = 10.0;
				LD_RUNPATH_SEARCH_PATHS = "$(inherited) @executable_path/Frameworks";
				PRODUCT_BUNDLE_IDENTIFIER = com.xray.project;
				PRODUCT_NAME = "$(TARGET_NAME)";
				PROVISIONING_PROFILE = "";
				PROVISIONING_PROFILE_SPECIFIER = "";
				SWIFT_VERSION = 4.0;
				TARGETED_DEVICE_FAMILY = 1;
			};
			name = Debug;
		};
		644ECD841F9FDB1700B540D6 /* Release */ = {
			isa = XCBuildConfiguration;
			buildSettings = {
				ASSETCATALOG_COMPILER_APPICON_NAME = AppIcon;
				"CODE_SIGN_IDENTITY[sdk=iphoneos*]" = "iPhone Developer";
				CODE_SIGN_STYLE = Automatic;
				DEVELOPMENT_TEAM = MCY395P66Z;
				INFOPLIST_FILE = iOSXray/Info.plist;
				IPHONEOS_DEPLOYMENT_TARGET = 10.0;
				LD_RUNPATH_SEARCH_PATHS = "$(inherited) @executable_path/Frameworks";
				PRODUCT_BUNDLE_IDENTIFIER = com.xray.project;
				PRODUCT_NAME = "$(TARGET_NAME)";
				PROVISIONING_PROFILE_SPECIFIER = "";
				SWIFT_VERSION = 4.0;
				TARGETED_DEVICE_FAMILY = 1;
			};
			name = Release;
		};
/* End XCBuildConfiguration section */

/* Begin XCConfigurationList section */
		644ECD6B1F9FDB1700B540D6 /* Build configuration list for PBXProject "iOSXray" */ = {
			isa = XCConfigurationList;
			buildConfigurations = (
				644ECD801F9FDB1700B540D6 /* Debug */,
				644ECD811F9FDB1700B540D6 /* Release */,
			);
			defaultConfigurationIsVisible = 0;
			defaultConfigurationName = Release;
		};
		644ECD821F9FDB1700B540D6 /* Build configuration list for PBXNativeTarget "iOSXray" */ = {
			isa = XCConfigurationList;
			buildConfigurations = (
				644ECD831F9FDB1700B540D6 /* Debug */,
				644ECD841F9FDB1700B540D6 /* Release */,
			);
			defaultConfigurationIsVisible = 0;
			defaultConfigurationName = Release;
		};
/* End XCConfigurationList section */
	};
	rootObject = 644ECD681F9FDB1700B540D6 /* Project object */;
}
